
Microsoft Visual Studio Solution File, Format Version 12.00
# Visual Studio 15
VisualStudioVersion = 15.0.28307.572
MinimumVisualStudioVersion = 10.0.40219.1
Project("{FAE04EC0-301F-11D3-BF4B-00C04F79EFBC}") = "Задача 2", "Задача 2\Задача 2.csproj", "{2AE3DE28-1952-4931-A0D0-854ED941DF1C}"
EndProject
Project("{FAE04EC0-301F-11D3-BF4B-00C04F79EFBC}") = "Задача 3", "Задача 3\Задача 3.csproj", "{475FBB03-8D5F-478C-AD85-75FE6BDCBD49}"
EndProject
Project("{FAE04EC0-301F-11D3-BF4B-00C04F79EFBC}") = "Задача 1", "Задача 1\Задача 1.csproj", "{58CC7D6D-1491-49D7-BD2B-FB6EE6065802}"
EndProject
Project("{FAE04EC0-301F-11D3-BF4B-00C04F79EFBC}") = "Задача 4", "Задача 4\Задача 4.csproj", "{6F12D76F-DD67-4670-AD98-B468502582F2}"
EndProject
Project("{FAE04EC0-301F-11D3-BF4B-00C04F79EFBC}") = "Задача 5", "Задача 5\Задача 5.csproj", "{A4877F95-F2F8-4D63-B4B9-69137FEE4BEC}"
EndProject
Project("{FAE04EC0-301F-11D3-BF4B-00C04F79EFBC}") = "Задача 6", "Задача 6\Задача 6.csproj", "{15A3437C-4BBF-4314-9298-688F1308E020}"
EndProject
Project("{FAE04EC0-301F-11D3-BF4B-00C04F79EFBC}") = "Задача 7", "Задача 7\Задача 7.csproj", "{F91CF20E-7E46-4F5D-9FEE-4CB5D606F7ED}"
EndProject
Global
	GlobalSection(SolutionConfigurationPlatforms) = preSolution
		Debug|Any CPU = Debug|Any CPU
		Release|Any CPU = Release|Any CPU
	EndGlobalSection
	GlobalSection(ProjectConfigurationPlatforms) = postSolution
		{2AE3DE28-1952-4931-A0D0-854ED941DF1C}.Debug|Any CPU.ActiveCfg = Debug|Any CPU
		{2AE3DE28-1952-4931-A0D0-854ED941DF1C}.Debug|Any CPU.Build.0 = Debug|Any CPU
		{2AE3DE28-1952-4931-A0D0-854ED941DF1C}.Release|Any CPU.ActiveCfg = Release|Any CPU
		{2AE3DE28-1952-4931-A0D0-854ED941DF1C}.Release|Any CPU.Build.0 = Release|Any CPU
		{475FBB03-8D5F-478C-AD85-75FE6BDCBD49}.Debug|Any CPU.ActiveCfg = Debug|Any CPU
		{475FBB03-8D5F-478C-AD85-75FE6BDCBD49}.Debug|Any CPU.Build.0 = Debug|Any CPU
		{475FBB03-8D5F-478C-AD85-75FE6BDCBD49}.Release|Any CPU.ActiveCfg = Release|Any CPU
		{475FBB03-8D5F-478C-AD85-75FE6BDCBD49}.Release|Any CPU.Build.0 = Release|Any CPU
		{58CC7D6D-1491-49D7-BD2B-FB6EE6065802}.Debug|Any CPU.ActiveCfg = Debug|Any CPU
		{58CC7D6D-1491-49D7-BD2B-FB6EE6065802}.Debug|Any CPU.Build.0 = Debug|Any CPU
		{58CC7D6D-1491-49D7-BD2B-FB6EE6065802}.Release|Any CPU.ActiveCfg = Release|Any CPU
		{58CC7D6D-1491-49D7-BD2B-FB6EE6065802}.Release|Any CPU.Build.0 = Release|Any CPU
		{6F12D76F-DD67-4670-AD98-B468502582F2}.Debug|Any CPU.ActiveCfg = Debug|Any CPU
		{6F12D76F-DD67-4670-AD98-B468502582F2}.Debug|Any CPU.Build.0 = Debug|Any CPU
		{6F12D76F-DD67-4670-AD98-B468502582F2}.Release|Any CPU.ActiveCfg = Release|Any CPU
		{6F12D76F-DD67-4670-AD98-B468502582F2}.Release|Any CPU.Build.0 = Release|Any CPU
		{A4877F95-F2F8-4D63-B4B9-69137FEE4BEC}.Debug|Any CPU.ActiveCfg = Debug|Any CPU
		{A4877F95-F2F8-4D63-B4B9-69137FEE4BEC}.Debug|Any CPU.Build.0 = Debug|Any CPU
		{A4877F95-F2F8-4D63-B4B9-69137FEE4BEC}.Release|Any CPU.ActiveCfg = Release|Any CPU
		{A4877F95-F2F8-4D63-B4B9-69137FEE4BEC}.Release|Any CPU.Build.0 = Release|Any CPU
		{15A3437C-4BBF-4314-9298-688F1308E020}.Debug|Any CPU.ActiveCfg = Debug|Any CPU
		{15A3437C-4BBF-4314-9298-688F1308E020}.Debug|Any CPU.Build.0 = Debug|Any CPU
		{15A3437C-4BBF-4314-9298-688F1308E020}.Release|Any CPU.ActiveCfg = Release|Any CPU
		{15A3437C-4BBF-4314-9298-688F1308E020}.Release|Any CPU.Build.0 = Release|Any CPU
		{F91CF20E-7E46-4F5D-9FEE-4CB5D606F7ED}.Debug|Any CPU.ActiveCfg = Debug|Any CPU
		{F91CF20E-7E46-4F5D-9FEE-4CB5D606F7ED}.Debug|Any CPU.Build.0 = Debug|Any CPU
		{F91CF20E-7E46-4F5D-9FEE-4CB5D606F7ED}.Release|Any CPU.ActiveCfg = Release|Any CPU
		{F91CF20E-7E46-4F5D-9FEE-4CB5D606F7ED}.Release|Any CPU.Build.0 = Release|Any CPU
	EndGlobalSection
	GlobalSection(SolutionProperties) = preSolution
		HideSolutionNode = FALSE
	EndGlobalSection
	GlobalSection(ExtensibilityGlobals) = postSolution
		SolutionGuid = {B0A5C28E-AC80-44FB-8E7F-BB34E9FE8E8F}
	EndGlobalSection
EndGlobal
